
Microsoft Visual Studio Solution File, Format Version 12.00
# Visual Studio Version 17
VisualStudioVersion = 17.4.33403.182
MinimumVisualStudioVersion = 10.0.40219.1
Project("{FAE04EC0-301F-11D3-BF4B-00C04F79EFBC}") = "AccessModifiersDemo1", "AccessModifiersDemo1\AccessModifiersDemo1.csproj", "{AD98B933-08C4-4817-87D7-DD4893664FF2}"
EndProject
Project("{FAE04EC0-301F-11D3-BF4B-00C04F79EFBC}") = "DemoLibrary", "DemoLibrary\DemoLibrary.csproj", "{B0D3EA85-31B2-4BDE-ADB4-E8E560E21535}"
EndProject
Global
	GlobalSection(SolutionConfigurationPlatforms) = preSolution
		Debug|Any CPU = Debug|Any CPU
		Release|Any CPU = Release|Any CPU
	EndGlobalSection
	GlobalSection(ProjectConfigurationPlatforms) = postSolution
		{AD98B933-08C4-4817-87D7-DD4893664FF2}.Debug|Any CPU.ActiveCfg = Debug|Any CPU
		{AD98B933-08C4-4817-87D7-DD4893664FF2}.Debug|Any CPU.Build.0 = Debug|Any CPU
		{AD98B933-08C4-4817-87D7-DD4893664FF2}.Release|Any CPU.ActiveCfg = Release|Any CPU
		{AD98B933-08C4-4817-87D7-DD4893664FF2}.Release|Any CPU.Build.0 = Release|Any CPU
		{B0D3EA85-31B2-4BDE-ADB4-E8E560E21535}.Debug|Any CPU.ActiveCfg = Debug|Any CPU
		{B0D3EA85-31B2-4BDE-ADB4-E8E560E21535}.Debug|Any CPU.Build.0 = Debug|Any CPU
		{B0D3EA85-31B2-4BDE-ADB4-E8E560E21535}.Release|Any CPU.ActiveCfg = Release|Any CPU
		{B0D3EA85-31B2-4BDE-ADB4-E8E560E21535}.Release|Any CPU.Build.0 = Release|Any CPU
	EndGlobalSection
	GlobalSection(SolutionProperties) = preSolution
		HideSolutionNode = FALSE
	EndGlobalSection
	GlobalSection(ExtensibilityGlobals) = postSolution
		SolutionGuid = {A28703FA-8106-49C2-93FE-67F7155530C3}
	EndGlobalSection
EndGlobal
